
Microsoft Visual Studio Solution File, Format Version 12.00
# Visual Studio Version 17
VisualStudioVersion = 17.5.002.0
MinimumVisualStudioVersion = 10.0.40219.1
Project("{9A19103F-16F7-4668-BE54-9A1E7A4F7556}") = "Lesson1", "Lesson1\Lesson1.csproj", "{E7139F22-C4EE-4482-9075-876AD3C2176C}"
EndProject
Project("{2150E333-8FDC-42A3-9474-1A3956D46DE8}") = "Lesson1 (1)", "Lesson1", "{46D20994-F082-4D02-9C9A-D6759B189D49}"
EndProject
Project("{9A19103F-16F7-4668-BE54-9A1E7A4F7556}") = "Task1", "Lesson1\Task1\Task1.csproj", "{7FF4965E-B79C-4BDE-8B26-86A52AC85568}"
EndProject
Project("{9A19103F-16F7-4668-BE54-9A1E7A4F7556}") = "Task2", "Lesson1\Task2\Task2.csproj", "{AC08A93D-841B-472D-B5DB-719E58A9DCE5}"
EndProject
Project("{9A19103F-16F7-4668-BE54-9A1E7A4F7556}") = "Task3", "Lesson1\Task3\Task3.csproj", "{8929B415-65D5-4698-AD5B-BAB3D427AE83}"
EndProject
Project("{9A19103F-16F7-4668-BE54-9A1E7A4F7556}") = "Task4", "Lesson1\Task4\Task4.csproj", "{E607AF82-F598-42C1-AAF3-6E53BC2AC8CC}"
EndProject
Project("{9A19103F-16F7-4668-BE54-9A1E7A4F7556}") = "Task5", "Lesson1\Task5\Task5.csproj", "{E8543C54-ED70-47C4-ACC7-4B5A32E1C30C}"
EndProject
Project("{2150E333-8FDC-42A3-9474-1A3956D46DE8}") = "Lesson2", "Lesson2", "{704AB70F-926D-4491-A0DD-CAA7E8E4CFD3}"
EndProject
Project("{9A19103F-16F7-4668-BE54-9A1E7A4F7556}") = "Task1", "Lesson2\Task1\Task1.csproj", "{A85AF8A6-F4A8-4351-A5CD-7204D8BD99DC}"
EndProject
Project("{9A19103F-16F7-4668-BE54-9A1E7A4F7556}") = "Task2", "Lesson2\Task2\Task2.csproj", "{107EFF50-315B-46A9-9CBE-E0E0D5A95F42}"
EndProject
Project("{9A19103F-16F7-4668-BE54-9A1E7A4F7556}") = "Task3", "Lesson2\Task3\Task3.csproj", "{1D7F0B66-8D74-447E-8C56-E88AB0CF3783}"
EndProject
Project("{9A19103F-16F7-4668-BE54-9A1E7A4F7556}") = "Task4", "Lesson2\Task4\Task4.csproj", "{48B80C85-CCF3-46BC-A5BC-82A8DBEC7299}"
EndProject
Project("{2150E333-8FDC-42A3-9474-1A3956D46DE8}") = "Lesson3", "Lesson3", "{7FA8BD3A-BA8A-439F-AC58-AFD314FF273E}"
EndProject
Project("{9A19103F-16F7-4668-BE54-9A1E7A4F7556}") = "Task1", "Lesson3\Task1\Task1.csproj", "{4B7B3B19-9FC9-4BB6-8C6C-717F0686C83D}"
EndProject
Global
	GlobalSection(SolutionConfigurationPlatforms) = preSolution
		Debug|Any CPU = Debug|Any CPU
		Release|Any CPU = Release|Any CPU
	EndGlobalSection
	GlobalSection(ProjectConfigurationPlatforms) = postSolution
		{E7139F22-C4EE-4482-9075-876AD3C2176C}.Debug|Any CPU.ActiveCfg = Debug|Any CPU
		{E7139F22-C4EE-4482-9075-876AD3C2176C}.Debug|Any CPU.Build.0 = Debug|Any CPU
		{E7139F22-C4EE-4482-9075-876AD3C2176C}.Release|Any CPU.ActiveCfg = Release|Any CPU
		{E7139F22-C4EE-4482-9075-876AD3C2176C}.Release|Any CPU.Build.0 = Release|Any CPU
		{7FF4965E-B79C-4BDE-8B26-86A52AC85568}.Debug|Any CPU.ActiveCfg = Debug|Any CPU
		{7FF4965E-B79C-4BDE-8B26-86A52AC85568}.Debug|Any CPU.Build.0 = Debug|Any CPU
		{7FF4965E-B79C-4BDE-8B26-86A52AC85568}.Release|Any CPU.ActiveCfg = Release|Any CPU
		{7FF4965E-B79C-4BDE-8B26-86A52AC85568}.Release|Any CPU.Build.0 = Release|Any CPU
		{AC08A93D-841B-472D-B5DB-719E58A9DCE5}.Debug|Any CPU.ActiveCfg = Debug|Any CPU
		{AC08A93D-841B-472D-B5DB-719E58A9DCE5}.Debug|Any CPU.Build.0 = Debug|Any CPU
		{AC08A93D-841B-472D-B5DB-719E58A9DCE5}.Release|Any CPU.ActiveCfg = Release|Any CPU
		{AC08A93D-841B-472D-B5DB-719E58A9DCE5}.Release|Any CPU.Build.0 = Release|Any CPU
		{8929B415-65D5-4698-AD5B-BAB3D427AE83}.Debug|Any CPU.ActiveCfg = Debug|Any CPU
		{8929B415-65D5-4698-AD5B-BAB3D427AE83}.Debug|Any CPU.Build.0 = Debug|Any CPU
		{8929B415-65D5-4698-AD5B-BAB3D427AE83}.Release|Any CPU.ActiveCfg = Release|Any CPU
		{8929B415-65D5-4698-AD5B-BAB3D427AE83}.Release|Any CPU.Build.0 = Release|Any CPU
		{E607AF82-F598-42C1-AAF3-6E53BC2AC8CC}.Debug|Any CPU.ActiveCfg = Debug|Any CPU
		{E607AF82-F598-42C1-AAF3-6E53BC2AC8CC}.Debug|Any CPU.Build.0 = Debug|Any CPU
		{E607AF82-F598-42C1-AAF3-6E53BC2AC8CC}.Release|Any CPU.ActiveCfg = Release|Any CPU
		{E607AF82-F598-42C1-AAF3-6E53BC2AC8CC}.Release|Any CPU.Build.0 = Release|Any CPU
		{E8543C54-ED70-47C4-ACC7-4B5A32E1C30C}.Debug|Any CPU.ActiveCfg = Debug|Any CPU
		{E8543C54-ED70-47C4-ACC7-4B5A32E1C30C}.Debug|Any CPU.Build.0 = Debug|Any CPU
		{E8543C54-ED70-47C4-ACC7-4B5A32E1C30C}.Release|Any CPU.ActiveCfg = Release|Any CPU
		{E8543C54-ED70-47C4-ACC7-4B5A32E1C30C}.Release|Any CPU.Build.0 = Release|Any CPU
		{A85AF8A6-F4A8-4351-A5CD-7204D8BD99DC}.Debug|Any CPU.ActiveCfg = Debug|Any CPU
		{A85AF8A6-F4A8-4351-A5CD-7204D8BD99DC}.Debug|Any CPU.Build.0 = Debug|Any CPU
		{A85AF8A6-F4A8-4351-A5CD-7204D8BD99DC}.Release|Any CPU.ActiveCfg = Release|Any CPU
		{A85AF8A6-F4A8-4351-A5CD-7204D8BD99DC}.Release|Any CPU.Build.0 = Release|Any CPU
		{107EFF50-315B-46A9-9CBE-E0E0D5A95F42}.Debug|Any CPU.ActiveCfg = Debug|Any CPU
		{107EFF50-315B-46A9-9CBE-E0E0D5A95F42}.Debug|Any CPU.Build.0 = Debug|Any CPU
		{107EFF50-315B-46A9-9CBE-E0E0D5A95F42}.Release|Any CPU.ActiveCfg = Release|Any CPU
		{107EFF50-315B-46A9-9CBE-E0E0D5A95F42}.Release|Any CPU.Build.0 = Release|Any CPU
		{1D7F0B66-8D74-447E-8C56-E88AB0CF3783}.Debug|Any CPU.ActiveCfg = Debug|Any CPU
		{1D7F0B66-8D74-447E-8C56-E88AB0CF3783}.Debug|Any CPU.Build.0 = Debug|Any CPU
		{1D7F0B66-8D74-447E-8C56-E88AB0CF3783}.Release|Any CPU.ActiveCfg = Release|Any CPU
		{1D7F0B66-8D74-447E-8C56-E88AB0CF3783}.Release|Any CPU.Build.0 = Release|Any CPU
		{48B80C85-CCF3-46BC-A5BC-82A8DBEC7299}.Debug|Any CPU.ActiveCfg = Debug|Any CPU
		{48B80C85-CCF3-46BC-A5BC-82A8DBEC7299}.Debug|Any CPU.Build.0 = Debug|Any CPU
		{48B80C85-CCF3-46BC-A5BC-82A8DBEC7299}.Release|Any CPU.ActiveCfg = Release|Any CPU
		{48B80C85-CCF3-46BC-A5BC-82A8DBEC7299}.Release|Any CPU.Build.0 = Release|Any CPU
		{4B7B3B19-9FC9-4BB6-8C6C-717F0686C83D}.Debug|Any CPU.ActiveCfg = Debug|Any CPU
		{4B7B3B19-9FC9-4BB6-8C6C-717F0686C83D}.Debug|Any CPU.Build.0 = Debug|Any CPU
		{4B7B3B19-9FC9-4BB6-8C6C-717F0686C83D}.Release|Any CPU.ActiveCfg = Release|Any CPU
		{4B7B3B19-9FC9-4BB6-8C6C-717F0686C83D}.Release|Any CPU.Build.0 = Release|Any CPU
	EndGlobalSection
	GlobalSection(SolutionProperties) = preSolution
		HideSolutionNode = FALSE
	EndGlobalSection
	GlobalSection(NestedProjects) = preSolution
		{7FF4965E-B79C-4BDE-8B26-86A52AC85568} = {46D20994-F082-4D02-9C9A-D6759B189D49}
		{AC08A93D-841B-472D-B5DB-719E58A9DCE5} = {46D20994-F082-4D02-9C9A-D6759B189D49}
		{8929B415-65D5-4698-AD5B-BAB3D427AE83} = {46D20994-F082-4D02-9C9A-D6759B189D49}
		{E607AF82-F598-42C1-AAF3-6E53BC2AC8CC} = {46D20994-F082-4D02-9C9A-D6759B189D49}
		{E8543C54-ED70-47C4-ACC7-4B5A32E1C30C} = {46D20994-F082-4D02-9C9A-D6759B189D49}
		{A85AF8A6-F4A8-4351-A5CD-7204D8BD99DC} = {704AB70F-926D-4491-A0DD-CAA7E8E4CFD3}
		{107EFF50-315B-46A9-9CBE-E0E0D5A95F42} = {704AB70F-926D-4491-A0DD-CAA7E8E4CFD3}
		{1D7F0B66-8D74-447E-8C56-E88AB0CF3783} = {704AB70F-926D-4491-A0DD-CAA7E8E4CFD3}
		{48B80C85-CCF3-46BC-A5BC-82A8DBEC7299} = {704AB70F-926D-4491-A0DD-CAA7E8E4CFD3}
		{4B7B3B19-9FC9-4BB6-8C6C-717F0686C83D} = {7FA8BD3A-BA8A-439F-AC58-AFD314FF273E}
	EndGlobalSection
	GlobalSection(ExtensibilityGlobals) = postSolution
		SolutionGuid = {09478868-9630-42A2-A8DD-A3813070A0F5}
	EndGlobalSection
EndGlobal
